
Microsoft Visual Studio Solution File, Format Version 12.00
# Visual Studio Version 16
VisualStudioVersion = 16.0.30717.126
MinimumVisualStudioVersion = 10.0.40219.1
Project("{FAE04EC0-301F-11D3-BF4B-00C04F79EFBC}") = "Temp Files Cleaner", "Temp Files Cleaner\Temp Files Cleaner.csproj", "{3A780716-34F9-4127-B726-F0EAFC8F56F1}"
EndProject
Global
	GlobalSection(SolutionConfigurationPlatforms) = preSolution
		Debug|Any CPU = Debug|Any CPU
		Release|Any CPU = Release|Any CPU
	EndGlobalSection
	GlobalSection(ProjectConfigurationPlatforms) = postSolution
		{3A780716-34F9-4127-B726-F0EAFC8F56F1}.Debug|Any CPU.ActiveCfg = Debug|Any CPU
		{3A780716-34F9-4127-B726-F0EAFC8F56F1}.Debug|Any CPU.Build.0 = Debug|Any CPU
		{3A780716-34F9-4127-B726-F0EAFC8F56F1}.Release|Any CPU.ActiveCfg = Release|Any CPU
		{3A780716-34F9-4127-B726-F0EAFC8F56F1}.Release|Any CPU.Build.0 = Release|Any CPU
	EndGlobalSection
	GlobalSection(SolutionProperties) = preSolution
		HideSolutionNode = FALSE
	EndGlobalSection
	GlobalSection(ExtensibilityGlobals) = postSolution
		SolutionGuid = {0B7E1127-A546-46B9-A2DF-1152682DFE17}
	EndGlobalSection
EndGlobal
